
Microsoft Visual Studio Solution File, Format Version 12.00
# Visual Studio 2013
VisualStudioVersion = 12.0.31101.0
MinimumVisualStudioVersion = 10.0.40219.1
Project("{FAE04EC0-301F-11D3-BF4B-00C04F79EFBC}") = "Zinc", "Zinc\Zinc.csproj", "{A33C2357-A1AE-4DD9-8B52-754AF4030F55}"
EndProject
Project("{FAE04EC0-301F-11D3-BF4B-00C04F79EFBC}") = "ZincTest", "ZincTest\ZincTest.csproj", "{C81BB646-013F-44F2-BAA1-0D532D6687CA}"
EndProject
Global
	GlobalSection(SolutionConfigurationPlatforms) = preSolution
		Debug|Any CPU = Debug|Any CPU
		Release|Any CPU = Release|Any CPU
	EndGlobalSection
	GlobalSection(ProjectConfigurationPlatforms) = postSolution
		{A33C2357-A1AE-4DD9-8B52-754AF4030F55}.Debug|Any CPU.ActiveCfg = Debug|Any CPU
		{A33C2357-A1AE-4DD9-8B52-754AF4030F55}.Debug|Any CPU.Build.0 = Debug|Any CPU
		{A33C2357-A1AE-4DD9-8B52-754AF4030F55}.Release|Any CPU.ActiveCfg = Release|Any CPU
		{A33C2357-A1AE-4DD9-8B52-754AF4030F55}.Release|Any CPU.Build.0 = Release|Any CPU
		{C81BB646-013F-44F2-BAA1-0D532D6687CA}.Debug|Any CPU.ActiveCfg = Debug|Any CPU
		{C81BB646-013F-44F2-BAA1-0D532D6687CA}.Debug|Any CPU.Build.0 = Debug|Any CPU
		{C81BB646-013F-44F2-BAA1-0D532D6687CA}.Release|Any CPU.ActiveCfg = Release|Any CPU
		{C81BB646-013F-44F2-BAA1-0D532D6687CA}.Release|Any CPU.Build.0 = Release|Any CPU
	EndGlobalSection
	GlobalSection(SolutionProperties) = preSolution
		HideSolutionNode = FALSE
	EndGlobalSection
EndGlobal
